// !$*UTF8*$!
{
	archiveVersion = 1;
	classes = {
	};
	objectVersion = 50;
	objects = {

/* Begin PBXBuildFile section */
		07AE526E22B851A600C7199A /* Source.cpp in Sources */ = {isa = PBXBuildFile; fileRef = 07AE526422B851A600C7199A /* Source.cpp */; };
/* End PBXBuildFile section */

/* Begin PBXCopyFilesBuildPhase section */
		071C4E7B22A8D41D004FF79A /* CopyFiles */ = {
			isa = PBXCopyFilesBuildPhase;
			buildActionMask = 2147483647;
			dstPath = /usr/share/man/man1/;
			dstSubfolderSpec = 0;
			files = (
			);
			runOnlyForDeploymentPostprocessing = 1;
		};
/* End PBXCopyFilesBuildPhase section */

/* Begin PBXFileReference section */
		071C4E7D22A8D41D004FF79A /* CIS22C GP */ = {isa = PBXFileReference; explicitFileType = "compiled.mach-o.executable"; includeInIndex = 0; path = "CIS22C GP"; sourceTree = BUILT_PRODUCTS_DIR; };
		07AE526422B851A600C7199A /* Source.cpp */ = {isa = PBXFileReference; fileEncoding = 4; lastKnownFileType = sourcecode.cpp.cpp; name = Source.cpp; path = "../../../../Downloads/Team-Project/Source.cpp"; sourceTree = "<group>"; };
		07AE526522B851A600C7199A /* Queue.h */ = {isa = PBXFileReference; fileEncoding = 4; lastKnownFileType = sourcecode.c.h; name = Queue.h; path = "../../../../Downloads/Team-Project/Queue.h"; sourceTree = "<group>"; };
		07AE526622B851A600C7199A /* Course.h */ = {isa = PBXFileReference; fileEncoding = 4; lastKnownFileType = sourcecode.c.h; name = Course.h; path = "../../../../Downloads/Team-Project/Course.h"; sourceTree = "<group>"; };
		07AE526722B851A600C7199A /* HashTable.h */ = {isa = PBXFileReference; fileEncoding = 4; lastKnownFileType = sourcecode.c.h; name = HashTable.h; path = "../../../../Downloads/Team-Project/HashTable.h"; sourceTree = "<group>"; };
		07AE526822B851A600C7199A /* Menu.h */ = {isa = PBXFileReference; fileEncoding = 4; lastKnownFileType = sourcecode.c.h; name = Menu.h; path = "../../../../Downloads/Team-Project/Menu.h"; sourceTree = "<group>"; };
		07AE526922B851A600C7199A /* List.h */ = {isa = PBXFileReference; fileEncoding = 4; lastKnownFileType = sourcecode.c.h; name = List.h; path = "../../../../Downloads/Team-Project/List.h"; sourceTree = "<group>"; };
		07AE526A22B851A600C7199A /* DeAnza_Math_Summer.txt */ = {isa = PBXFileReference; fileEncoding = 4; lastKnownFileType = text; name = DeAnza_Math_Summer.txt; path = "../../../../Downloads/Team-Project/DeAnza_Math_Summer.txt"; sourceTree = "<group>"; };
		07AE526B22B851A600C7199A /* BinaryNode.h */ = {isa = PBXFileReference; fileEncoding = 4; lastKnownFileType = sourcecode.c.h; name = BinaryNode.h; path = "../../../../Downloads/Team-Project/BinaryNode.h"; sourceTree = "<group>"; };
		07AE526C22B851A600C7199A /* BinarySearchTree.h */ = {isa = PBXFileReference; fileEncoding = 4; lastKnownFileType = sourcecode.c.h; name = BinarySearchTree.h; path = "../../../../Downloads/Team-Project/BinarySearchTree.h"; sourceTree = "<group>"; };
		07AE526D22B851A600C7199A /* BinaryTree.h */ = {isa = PBXFileReference; fileEncoding = 4; lastKnownFileType = sourcecode.c.h; name = BinaryTree.h; path = "../../../../Downloads/Team-Project/BinaryTree.h"; sourceTree = "<group>"; };
/* End PBXFileReference section */

/* Begin PBXFrameworksBuildPhase section */
		071C4E7A22A8D41D004FF79A /* Frameworks */ = {
			isa = PBXFrameworksBuildPhase;
			buildActionMask = 2147483647;
			files = (
			);
			runOnlyForDeploymentPostprocessing = 0;
		};
/* End PBXFrameworksBuildPhase section */

/* Begin PBXGroup section */
		071C4E7422A8D41D004FF79A = {
			isa = PBXGroup;
			children = (
				071C4E7F22A8D41D004FF79A /* CIS22C GP */,
				071C4E7E22A8D41D004FF79A /* Products */,
			);
			sourceTree = "<group>";
		};
		071C4E7E22A8D41D004FF79A /* Products */ = {
			isa = PBXGroup;
			children = (
				071C4E7D22A8D41D004FF79A /* CIS22C GP */,
			);
			name = Products;
			sourceTree = "<group>";
		};
		071C4E7F22A8D41D004FF79A /* CIS22C GP */ = {
			isa = PBXGroup;
			children = (
				07AE526B22B851A600C7199A /* BinaryNode.h */,
				07AE526C22B851A600C7199A /* BinarySearchTree.h */,
				07AE526D22B851A600C7199A /* BinaryTree.h */,
				07AE526622B851A600C7199A /* Course.h */,
				07AE526A22B851A600C7199A /* DeAnza_Math_Summer.txt */,
				07AE526722B851A600C7199A /* HashTable.h */,
				07AE526922B851A600C7199A /* List.h */,
				07AE526822B851A600C7199A /* Menu.h */,
				07AE526522B851A600C7199A /* Queue.h */,
				07AE526422B851A600C7199A /* Source.cpp */,
			);
			path = "CIS22C GP";
			sourceTree = "<group>";
		};
/* End PBXGroup section */

/* Begin PBXNativeTarget section */
		071C4E7C22A8D41D004FF79A /* CIS22C GP */ = {
			isa = PBXNativeTarget;
			buildConfigurationList = 071C4E8422A8D41D004FF79A /* Build configuration list for PBXNativeTarget "CIS22C GP" */;
			buildPhases = (
				071C4E7922A8D41D004FF79A /* Sources */,
				071C4E7A22A8D41D004FF79A /* Frameworks */,
				071C4E7B22A8D41D004FF79A /* CopyFiles */,
			);
			buildRules = (
			);
			dependencies = (
			);
			name = "CIS22C GP";
			productName = "CIS22C GP";
			productReference = 071C4E7D22A8D41D004FF79A /* CIS22C GP */;
			productType = "com.apple.product-type.tool";
		};
/* End PBXNativeTarget section */

/* Begin PBXProject section */
		071C4E7522A8D41D004FF79A /* Project object */ = {
			isa = PBXProject;
			attributes = {
				LastUpgradeCheck = 1020;
				ORGANIZATIONNAME = zhaozeyu;
				TargetAttributes = {
					071C4E7C22A8D41D004FF79A = {
						CreatedOnToolsVersion = 10.2.1;
					};
				};
			};
			buildConfigurationList = 071C4E7822A8D41D004FF79A /* Build configuration list for PBXProject "CIS22C GP" */;
			compatibilityVersion = "Xcode 9.3";
			developmentRegion = en;
			hasScannedForEncodings = 0;
			knownRegions = (
				en,
			);
			mainGroup = 071C4E7422A8D41D004FF79A;
			productRefGroup = 071C4E7E22A8D41D004FF79A /* Products */;
			projectDirPath = "";
			projectRoot = "";
			targets = (
				071C4E7C22A8D41D004FF79A /* CIS22C GP */,
			);
		};
/* End PBXProject section */

/* Begin PBXSourcesBuildPhase section */
		071C4E7922A8D41D004FF79A /* Sources */ = {
			isa = PBXSourcesBuildPhase;
			buildActionMask = 2147483647;
			files = (
				07AE526E22B851A600C7199A /* Source.cpp in Sources */,
			);
			runOnlyForDeploymentPostprocessing = 0;
		};
/* End PBXSourcesBuildPhase section */

/* Begin XCBuildConfiguration section */
		071C4E8222A8D41D004FF79A /* Debug */ = {
			isa = XCBuildConfiguration;
			buildSettings = {
				ALWAYS_SEARCH_USER_PATHS = NO;
				CLANG_ANALYZER_NONNULL = YES;
				CLANG_ANALYZER_NUMBER_OBJECT_CONVERSION = YES_AGGRESSIVE;
				CLANG_CXX_LANGUAGE_STANDARD = "gnu++14";
				CLANG_CXX_LIBRARY = "libc++";
				CLANG_ENABLE_MODULES = YES;
				CLANG_ENABLE_OBJC_ARC = YES;
				CLANG_ENABLE_OBJC_WEAK = YES;
				CLANG_WARN_BLOCK_CAPTURE_AUTORELEASING = YES;
				CLANG_WARN_BOOL_CONVERSION = YES;
				CLANG_WARN_COMMA = YES;
				CLANG_WARN_CONSTANT_CONVERSION = YES;
				CLANG_WARN_DEPRECATED_OBJC_IMPLEMENTATIONS = YES;
				CLANG_WARN_DIRECT_OBJC_ISA_USAGE = YES_ERROR;
				CLANG_WARN_DOCUMENTATION_COMMENTS = YES;
				CLANG_WARN_EMPTY_BODY = YES;
				CLANG_WARN_ENUM_CONVERSION = YES;
				CLANG_WARN_INFINITE_RECURSION = YES;
				CLANG_WARN_INT_CONVERSION = YES;
				CLANG_WARN_NON_LITERAL_NULL_CONVERSION = YES;
				CLANG_WARN_OBJC_IMPLICIT_RETAIN_SELF = YES;
				CLANG_WARN_OBJC_LITERAL_CONVERSION = YES;
				CLANG_WARN_OBJC_ROOT_CLASS = YES_ERROR;
				CLANG_WARN_RANGE_LOOP_ANALYSIS = YES;
				CLANG_WARN_STRICT_PROTOTYPES = YES;
				CLANG_WARN_SUSPICIOUS_MOVE = YES;
				CLANG_WARN_UNGUARDED_AVAILABILITY = YES_AGGRESSIVE;
				CLANG_WARN_UNREACHABLE_CODE = YES;
				CLANG_WARN__DUPLICATE_METHOD_MATCH = YES;
				CODE_SIGN_IDENTITY = "-";
				COPY_PHASE_STRIP = NO;
				DEBUG_INFORMATION_FORMAT = dwarf;
				ENABLE_STRICT_OBJC_MSGSEND = YES;
				ENABLE_TESTABILITY = YES;
				GCC_C_LANGUAGE_STANDARD = gnu11;
				GCC_DYNAMIC_NO_PIC = NO;
				GCC_NO_COMMON_BLOCKS = YES;
				GCC_OPTIMIZATION_LEVEL = 0;
				GCC_PREPROCESSOR_DEFINITIONS = (
					"DEBUG=1",
					"$(inherited)",
				);
				GCC_WARN_64_TO_32_BIT_CONVERSION = YES;
				GCC_WARN_ABOUT_RETURN_TYPE = YES_ERROR;
				GCC_WARN_UNDECLARED_SELECTOR = YES;
				GCC_WARN_UNINITIALIZED_AUTOS = YES_AGGRESSIVE;
				GCC_WARN_UNUSED_FUNCTION = YES;
				GCC_WARN_UNUSED_VARIABLE = YES;
				MACOSX_DEPLOYMENT_TARGET = 10.14;
				MTL_ENABLE_DEBUG_INFO = INCLUDE_SOURCE;
				MTL_FAST_MATH = YES;
				ONLY_ACTIVE_ARCH = YES;
				SDKROOT = macosx;
			};
			name = Debug;
		};
		071C4E8322A8D41D004FF79A /* Release */ = {
			isa = XCBuildConfiguration;
			buildSettings = {
				ALWAYS_SEARCH_USER_PATHS = NO;
				CLANG_ANALYZER_NONNULL = YES;
				CLANG_ANALYZER_NUMBER_OBJECT_CONVERSION = YES_AGGRESSIVE;
				CLANG_CXX_LANGUAGE_STANDARD = "gnu++14";
				CLANG_CXX_LIBRARY = "libc++";
				CLANG_ENABLE_MODULES = YES;
				CLANG_ENABLE_OBJC_ARC = YES;
				CLANG_ENABLE_OBJC_WEAK = YES;
				CLANG_WARN_BLOCK_CAPTURE_AUTORELEASING = YES;
				CLANG_WARN_BOOL_CONVERSION = YES;
				CLANG_WARN_COMMA = YES;
				CLANG_WARN_CONSTANT_CONVERSION = YES;
				CLANG_WARN_DEPRECATED_OBJC_IMPLEMENTATIONS = YES;
				CLANG_WARN_DIRECT_OBJC_ISA_USAGE = YES_ERROR;
				CLANG_WARN_DOCUMENTATION_COMMENTS = YES;
				CLANG_WARN_EMPTY_BODY = YES;
				CLANG_WARN_ENUM_CONVERSION = YES;
				CLANG_WARN_INFINITE_RECURSION = YES;
				CLANG_WARN_INT_CONVERSION = YES;
				CLANG_WARN_NON_LITERAL_NULL_CONVERSION = YES;
				CLANG_WARN_OBJC_IMPLICIT_RETAIN_SELF = YES;
				CLANG_WARN_OBJC_LITERAL_CONVERSION = YES;
				CLANG_WARN_OBJC_ROOT_CLASS = YES_ERROR;
				CLANG_WARN_RANGE_LOOP_ANALYSIS = YES;
				CLANG_WARN_STRICT_PROTOTYPES = YES;
				CLANG_WARN_SUSPICIOUS_MOVE = YES;
				CLANG_WARN_UNGUARDED_AVAILABILITY = YES_AGGRESSIVE;
				CLANG_WARN_UNREACHABLE_CODE = YES;
				CLANG_WARN__DUPLICATE_METHOD_MATCH = YES;
				CODE_SIGN_IDENTITY = "-";
				COPY_PHASE_STRIP = NO;
				DEBUG_INFORMATION_FORMAT = "dwarf-with-dsym";
				ENABLE_NS_ASSERTIONS = NO;
				ENABLE_STRICT_OBJC_MSGSEND = YES;
				GCC_C_LANGUAGE_STANDARD = gnu11;
				GCC_NO_COMMON_BLOCKS = YES;
				GCC_WARN_64_TO_32_BIT_CONVERSION = YES;
				GCC_WARN_ABOUT_RETURN_TYPE = YES_ERROR;
				GCC_WARN_UNDECLARED_SELECTOR = YES;
				GCC_WARN_UNINITIALIZED_AUTOS = YES_AGGRESSIVE;
				GCC_WARN_UNUSED_FUNCTION = YES;
				GCC_WARN_UNUSED_VARIABLE = YES;
				MACOSX_DEPLOYMENT_TARGET = 10.14;
				MTL_ENABLE_DEBUG_INFO = NO;
				MTL_FAST_MATH = YES;
				SDKROOT = macosx;
			};
			name = Release;
		};
		071C4E8522A8D41D004FF79A /* Debug */ = {
			isa = XCBuildConfiguration;
			buildSettings = {
				CODE_SIGN_STYLE = Automatic;
				PRODUCT_NAME = "$(TARGET_NAME)";
			};
			name = Debug;
		};
		071C4E8622A8D41D004FF79A /* Release */ = {
			isa = XCBuildConfiguration;
			buildSettings = {
				CODE_SIGN_STYLE = Automatic;
				PRODUCT_NAME = "$(TARGET_NAME)";
			};
			name = Release;
		};
/* End XCBuildConfiguration section */

/* Begin XCConfigurationList section */
		071C4E7822A8D41D004FF79A /* Build configuration list for PBXProject "CIS22C GP" */ = {
			isa = XCConfigurationList;
			buildConfigurations = (
				071C4E8222A8D41D004FF79A /* Debug */,
				071C4E8322A8D41D004FF79A /* Release */,
			);
			defaultConfigurationIsVisible = 0;
			defaultConfigurationName = Release;
		};
		071C4E8422A8D41D004FF79A /* Build configuration list for PBXNativeTarget "CIS22C GP" */ = {
			isa = XCConfigurationList;
			buildConfigurations = (
				071C4E8522A8D41D004FF79A /* Debug */,
				071C4E8622A8D41D004FF79A /* Release */,
			);
			defaultConfigurationIsVisible = 0;
			defaultConfigurationName = Release;
		};
/* End XCConfigurationList section */
	};
	rootObject = 071C4E7522A8D41D004FF79A /* Project object */;
}
